
Microsoft Visual Studio Solution File, Format Version 12.00
# Visual Studio Version 17
VisualStudioVersion = 17.14.36401.2 d17.14
MinimumVisualStudioVersion = 10.0.40219.1
Project("{2150E333-8FDC-42A3-9474-1A3956D46DE8}") = "Unidad1", "Unidad1", "{02EA681E-C7D8-13C7-8484-4AC65E1B71E8}"
EndProject
Project("{FAE04EC0-301F-11D3-BF4B-00C04F79EFBC}") = "TP1", "TP1\TP1.csproj", "{179B9F1B-F2BF-4235-99C0-836B21A43F2D}"
EndProject
Project("{FAE04EC0-301F-11D3-BF4B-00C04F79EFBC}") = "TP2", "TP2\TP2.csproj", "{04CFC89C-4826-4421-A339-B9507383D5A6}"
EndProject
Global
	GlobalSection(SolutionConfigurationPlatforms) = preSolution
		Debug|Any CPU = Debug|Any CPU
		Release|Any CPU = Release|Any CPU
	EndGlobalSection
	GlobalSection(ProjectConfigurationPlatforms) = postSolution
		{179B9F1B-F2BF-4235-99C0-836B21A43F2D}.Debug|Any CPU.ActiveCfg = Debug|Any CPU
		{179B9F1B-F2BF-4235-99C0-836B21A43F2D}.Debug|Any CPU.Build.0 = Debug|Any CPU
		{179B9F1B-F2BF-4235-99C0-836B21A43F2D}.Release|Any CPU.ActiveCfg = Release|Any CPU
		{179B9F1B-F2BF-4235-99C0-836B21A43F2D}.Release|Any CPU.Build.0 = Release|Any CPU
		{04CFC89C-4826-4421-A339-B9507383D5A6}.Debug|Any CPU.ActiveCfg = Debug|Any CPU
		{04CFC89C-4826-4421-A339-B9507383D5A6}.Debug|Any CPU.Build.0 = Debug|Any CPU
		{04CFC89C-4826-4421-A339-B9507383D5A6}.Release|Any CPU.ActiveCfg = Release|Any CPU
		{04CFC89C-4826-4421-A339-B9507383D5A6}.Release|Any CPU.Build.0 = Release|Any CPU
	EndGlobalSection
	GlobalSection(SolutionProperties) = preSolution
		HideSolutionNode = FALSE
	EndGlobalSection
	GlobalSection(NestedProjects) = preSolution
		{179B9F1B-F2BF-4235-99C0-836B21A43F2D} = {02EA681E-C7D8-13C7-8484-4AC65E1B71E8}
		{04CFC89C-4826-4421-A339-B9507383D5A6} = {02EA681E-C7D8-13C7-8484-4AC65E1B71E8}
	EndGlobalSection
	GlobalSection(ExtensibilityGlobals) = postSolution
		SolutionGuid = {B960BC04-9218-4C1D-83AE-7A8976E0C43A}
	EndGlobalSection
EndGlobal
